// !$*UTF8*$!
{
	archiveVersion = 1;
	classes = {
	};
	objectVersion = 55;
	objects = {

/* Begin PBXBuildFile section */
		9F0D17AD273A6168006456CA /* Tabbar.swift in Sources */ = {isa = PBXBuildFile; fileRef = 9F0D17AC273A6168006456CA /* Tabbar.swift */; };
		9F0D17B1273A6A43006456CA /* Avqest.ttf in Resources */ = {isa = PBXBuildFile; fileRef = 9F0D17B0273A6829006456CA /* Avqest.ttf */; };
		9F5D372F27392D5700251A8F /* Data in Frameworks */ = {isa = PBXBuildFile; productRef = 9F5D372E27392D5700251A8F /* Data */; };
		9F5D373127392D5700251A8F /* UI in Frameworks */ = {isa = PBXBuildFile; productRef = 9F5D373027392D5700251A8F /* UI */; };
		9F5D373427392F1C00251A8F /* Exocet2.ttf in Resources */ = {isa = PBXBuildFile; fileRef = 9F5D373327392F1C00251A8F /* Exocet2.ttf */; };
		9F9E5A73273915DD00A7E8FB /* GrailerAppApp.swift in Sources */ = {isa = PBXBuildFile; fileRef = 9F9E5A72273915DD00A7E8FB /* GrailerAppApp.swift */; };
		9F9E5A77273915DF00A7E8FB /* Assets.xcassets in Resources */ = {isa = PBXBuildFile; fileRef = 9F9E5A76273915DF00A7E8FB /* Assets.xcassets */; };
		9F9E5A7A273915DF00A7E8FB /* Preview Assets.xcassets in Resources */ = {isa = PBXBuildFile; fileRef = 9F9E5A79273915DF00A7E8FB /* Preview Assets.xcassets */; };
/* End PBXBuildFile section */

/* Begin PBXFileReference section */
		9F0D17AC273A6168006456CA /* Tabbar.swift */ = {isa = PBXFileReference; lastKnownFileType = sourcecode.swift; path = Tabbar.swift; sourceTree = "<group>"; };
		9F0D17B0273A6829006456CA /* Avqest.ttf */ = {isa = PBXFileReference; lastKnownFileType = file; path = Avqest.ttf; sourceTree = "<group>"; };
		9F5D372B27392D0600251A8F /* Data */ = {isa = PBXFileReference; lastKnownFileType = folder; name = Data; path = GrailerApp/Packages/Data; sourceTree = "<group>"; };
		9F5D372C27392D1700251A8F /* UI */ = {isa = PBXFileReference; lastKnownFileType = folder; name = UI; path = GrailerApp/Packages/UI; sourceTree = "<group>"; };
		9F5D373327392F1C00251A8F /* Exocet2.ttf */ = {isa = PBXFileReference; lastKnownFileType = file; path = Exocet2.ttf; sourceTree = "<group>"; };
		9F5D373527392F4500251A8F /* Info.plist */ = {isa = PBXFileReference; lastKnownFileType = text.plist.xml; path = Info.plist; sourceTree = "<group>"; };
		9F9E5A6F273915DD00A7E8FB /* GrailerApp.app */ = {isa = PBXFileReference; explicitFileType = wrapper.application; includeInIndex = 0; path = GrailerApp.app; sourceTree = BUILT_PRODUCTS_DIR; };
		9F9E5A72273915DD00A7E8FB /* GrailerAppApp.swift */ = {isa = PBXFileReference; lastKnownFileType = sourcecode.swift; path = GrailerAppApp.swift; sourceTree = "<group>"; };
		9F9E5A76273915DF00A7E8FB /* Assets.xcassets */ = {isa = PBXFileReference; lastKnownFileType = folder.assetcatalog; path = Assets.xcassets; sourceTree = "<group>"; };
		9F9E5A79273915DF00A7E8FB /* Preview Assets.xcassets */ = {isa = PBXFileReference; lastKnownFileType = folder.assetcatalog; path = "Preview Assets.xcassets"; sourceTree = "<group>"; };
/* End PBXFileReference section */

/* Begin PBXFrameworksBuildPhase section */
		9F9E5A6C273915DD00A7E8FB /* Frameworks */ = {
			isa = PBXFrameworksBuildPhase;
			buildActionMask = 2147483647;
			files = (
				9F5D373127392D5700251A8F /* UI in Frameworks */,
				9F5D372F27392D5700251A8F /* Data in Frameworks */,
			);
			runOnlyForDeploymentPostprocessing = 0;
		};
/* End PBXFrameworksBuildPhase section */

/* Begin PBXGroup section */
		9F0D17AB273A614E006456CA /* Tabbar */ = {
			isa = PBXGroup;
			children = (
				9F0D17AC273A6168006456CA /* Tabbar.swift */,
			);
			path = Tabbar;
			sourceTree = "<group>";
		};
		9F0D17AE273A62FC006456CA /* App */ = {
			isa = PBXGroup;
			children = (
				9F9E5A72273915DD00A7E8FB /* GrailerAppApp.swift */,
			);
			path = App;
			sourceTree = "<group>";
		};
		9F0D17AF273A6313006456CA /* Assets */ = {
			isa = PBXGroup;
			children = (
				9F9E5A76273915DF00A7E8FB /* Assets.xcassets */,
				9F5D373527392F4500251A8F /* Info.plist */,
				9F9E5A78273915DF00A7E8FB /* Preview Content */,
			);
			path = Assets;
			sourceTree = "<group>";
		};
		9F5D372D27392D5700251A8F /* Frameworks */ = {
			isa = PBXGroup;
			children = (
			);
			name = Frameworks;
			sourceTree = "<group>";
		};
		9F5D373227392F1C00251A8F /* Fonts */ = {
			isa = PBXGroup;
			children = (
				9F0D17B0273A6829006456CA /* Avqest.ttf */,
				9F5D373327392F1C00251A8F /* Exocet2.ttf */,
			);
			path = Fonts;
			sourceTree = "<group>";
		};
		9F9E5A66273915DD00A7E8FB = {
			isa = PBXGroup;
			children = (
				9F9E5A71273915DD00A7E8FB /* GrailerApp */,
				9F5D372C27392D1700251A8F /* UI */,
				9F5D372B27392D0600251A8F /* Data */,
				9F9E5A70273915DD00A7E8FB /* Products */,
				9F5D372D27392D5700251A8F /* Frameworks */,
			);
			sourceTree = "<group>";
		};
		9F9E5A70273915DD00A7E8FB /* Products */ = {
			isa = PBXGroup;
			children = (
				9F9E5A6F273915DD00A7E8FB /* GrailerApp.app */,
			);
			name = Products;
			sourceTree = "<group>";
		};
		9F9E5A71273915DD00A7E8FB /* GrailerApp */ = {
			isa = PBXGroup;
			children = (
				9F0D17AF273A6313006456CA /* Assets */,
				9F0D17AE273A62FC006456CA /* App */,
				9F5D373227392F1C00251A8F /* Fonts */,
				9F0D17AB273A614E006456CA /* Tabbar */,
			);
			path = GrailerApp;
			sourceTree = "<group>";
		};
		9F9E5A78273915DF00A7E8FB /* Preview Content */ = {
			isa = PBXGroup;
			children = (
				9F9E5A79273915DF00A7E8FB /* Preview Assets.xcassets */,
			);
			path = "Preview Content";
			sourceTree = "<group>";
		};
/* End PBXGroup section */

/* Begin PBXNativeTarget section */
		9F9E5A6E273915DD00A7E8FB /* GrailerApp */ = {
			isa = PBXNativeTarget;
			buildConfigurationList = 9F9E5A7D273915DF00A7E8FB /* Build configuration list for PBXNativeTarget "GrailerApp" */;
			buildPhases = (
				9F9E5A6B273915DD00A7E8FB /* Sources */,
				9F9E5A6C273915DD00A7E8FB /* Frameworks */,
				9F9E5A6D273915DD00A7E8FB /* Resources */,
			);
			buildRules = (
			);
			dependencies = (
			);
			name = GrailerApp;
			packageProductDependencies = (
				9F5D372E27392D5700251A8F /* Data */,
				9F5D373027392D5700251A8F /* UI */,
			);
			productName = GrailerApp;
			productReference = 9F9E5A6F273915DD00A7E8FB /* GrailerApp.app */;
			productType = "com.apple.product-type.application";
		};
/* End PBXNativeTarget section */

/* Begin PBXProject section */
		9F9E5A67273915DD00A7E8FB /* Project object */ = {
			isa = PBXProject;
			attributes = {
				BuildIndependentTargetsInParallel = 1;
				LastSwiftUpdateCheck = 1310;
				LastUpgradeCheck = 1310;
				TargetAttributes = {
					9F9E5A6E273915DD00A7E8FB = {
						CreatedOnToolsVersion = 13.1;
					};
				};
			};
			buildConfigurationList = 9F9E5A6A273915DD00A7E8FB /* Build configuration list for PBXProject "GrailerApp" */;
			compatibilityVersion = "Xcode 13.0";
			developmentRegion = en;
			hasScannedForEncodings = 0;
			knownRegions = (
				en,
				Base,
			);
			mainGroup = 9F9E5A66273915DD00A7E8FB;
			productRefGroup = 9F9E5A70273915DD00A7E8FB /* Products */;
			projectDirPath = "";
			projectRoot = "";
			targets = (
				9F9E5A6E273915DD00A7E8FB /* GrailerApp */,
			);
		};
/* End PBXProject section */

/* Begin PBXResourcesBuildPhase section */
		9F9E5A6D273915DD00A7E8FB /* Resources */ = {
			isa = PBXResourcesBuildPhase;
			buildActionMask = 2147483647;
			files = (
				9F9E5A7A273915DF00A7E8FB /* Preview Assets.xcassets in Resources */,
				9F9E5A77273915DF00A7E8FB /* Assets.xcassets in Resources */,
				9F0D17B1273A6A43006456CA /* Avqest.ttf in Resources */,
				9F5D373427392F1C00251A8F /* Exocet2.ttf in Resources */,
			);
			runOnlyForDeploymentPostprocessing = 0;
		};
/* End PBXResourcesBuildPhase section */

/* Begin PBXSourcesBuildPhase section */
		9F9E5A6B273915DD00A7E8FB /* Sources */ = {
			isa = PBXSourcesBuildPhase;
			buildActionMask = 2147483647;
			files = (
				9F0D17AD273A6168006456CA /* Tabbar.swift in Sources */,
				9F9E5A73273915DD00A7E8FB /* GrailerAppApp.swift in Sources */,
			);
			runOnlyForDeploymentPostprocessing = 0;
		};
/* End PBXSourcesBuildPhase section */

/* Begin XCBuildConfiguration section */
		9F9E5A7B273915DF00A7E8FB /* Debug */ = {
			isa = XCBuildConfiguration;
			buildSettings = {
				ALWAYS_SEARCH_USER_PATHS = NO;
				CLANG_ANALYZER_NONNULL = YES;
				CLANG_ANALYZER_NUMBER_OBJECT_CONVERSION = YES_AGGRESSIVE;
				CLANG_CXX_LANGUAGE_STANDARD = "gnu++17";
				CLANG_CXX_LIBRARY = "libc++";
				CLANG_ENABLE_MODULES = YES;
				CLANG_ENABLE_OBJC_ARC = YES;
				CLANG_ENABLE_OBJC_WEAK = YES;
				CLANG_WARN_BLOCK_CAPTURE_AUTORELEASING = YES;
				CLANG_WARN_BOOL_CONVERSION = YES;
				CLANG_WARN_COMMA = YES;
				CLANG_WARN_CONSTANT_CONVERSION = YES;
				CLANG_WARN_DEPRECATED_OBJC_IMPLEMENTATIONS = YES;
				CLANG_WARN_DIRECT_OBJC_ISA_USAGE = YES_ERROR;
				CLANG_WARN_DOCUMENTATION_COMMENTS = YES;
				CLANG_WARN_EMPTY_BODY = YES;
				CLANG_WARN_ENUM_CONVERSION = YES;
				CLANG_WARN_INFINITE_RECURSION = YES;
				CLANG_WARN_INT_CONVERSION = YES;
				CLANG_WARN_NON_LITERAL_NULL_CONVERSION = YES;
				CLANG_WARN_OBJC_IMPLICIT_RETAIN_SELF = YES;
				CLANG_WARN_OBJC_LITERAL_CONVERSION = YES;
				CLANG_WARN_OBJC_ROOT_CLASS = YES_ERROR;
				CLANG_WARN_QUOTED_INCLUDE_IN_FRAMEWORK_HEADER = YES;
				CLANG_WARN_RANGE_LOOP_ANALYSIS = YES;
				CLANG_WARN_STRICT_PROTOTYPES = YES;
				CLANG_WARN_SUSPICIOUS_MOVE = YES;
				CLANG_WARN_UNGUARDED_AVAILABILITY = YES_AGGRESSIVE;
				CLANG_WARN_UNREACHABLE_CODE = YES;
				CLANG_WARN__DUPLICATE_METHOD_MATCH = YES;
				COPY_PHASE_STRIP = NO;
				DEBUG_INFORMATION_FORMAT = dwarf;
				ENABLE_STRICT_OBJC_MSGSEND = YES;
				ENABLE_TESTABILITY = YES;
				GCC_C_LANGUAGE_STANDARD = gnu11;
				GCC_DYNAMIC_NO_PIC = NO;
				GCC_NO_COMMON_BLOCKS = YES;
				GCC_OPTIMIZATION_LEVEL = 0;
				GCC_PREPROCESSOR_DEFINITIONS = (
					"DEBUG=1",
					"$(inherited)",
				);
				GCC_WARN_64_TO_32_BIT_CONVERSION = YES;
				GCC_WARN_ABOUT_RETURN_TYPE = YES_ERROR;
				GCC_WARN_UNDECLARED_SELECTOR = YES;
				GCC_WARN_UNINITIALIZED_AUTOS = YES_AGGRESSIVE;
				GCC_WARN_UNUSED_FUNCTION = YES;
				GCC_WARN_UNUSED_VARIABLE = YES;
				IPHONEOS_DEPLOYMENT_TARGET = 15.0;
				MTL_ENABLE_DEBUG_INFO = INCLUDE_SOURCE;
				MTL_FAST_MATH = YES;
				ONLY_ACTIVE_ARCH = YES;
				SDKROOT = iphoneos;
				SWIFT_ACTIVE_COMPILATION_CONDITIONS = DEBUG;
				SWIFT_OPTIMIZATION_LEVEL = "-Onone";
			};
			name = Debug;
		};
		9F9E5A7C273915DF00A7E8FB /* Release */ = {
			isa = XCBuildConfiguration;
			buildSettings = {
				ALWAYS_SEARCH_USER_PATHS = NO;
				CLANG_ANALYZER_NONNULL = YES;
				CLANG_ANALYZER_NUMBER_OBJECT_CONVERSION = YES_AGGRESSIVE;
				CLANG_CXX_LANGUAGE_STANDARD = "gnu++17";
				CLANG_CXX_LIBRARY = "libc++";
				CLANG_ENABLE_MODULES = YES;
				CLANG_ENABLE_OBJC_ARC = YES;
				CLANG_ENABLE_OBJC_WEAK = YES;
				CLANG_WARN_BLOCK_CAPTURE_AUTORELEASING = YES;
				CLANG_WARN_BOOL_CONVERSION = YES;
				CLANG_WARN_COMMA = YES;
				CLANG_WARN_CONSTANT_CONVERSION = YES;
				CLANG_WARN_DEPRECATED_OBJC_IMPLEMENTATIONS = YES;
				CLANG_WARN_DIRECT_OBJC_ISA_USAGE = YES_ERROR;
				CLANG_WARN_DOCUMENTATION_COMMENTS = YES;
				CLANG_WARN_EMPTY_BODY = YES;
				CLANG_WARN_ENUM_CONVERSION = YES;
				CLANG_WARN_INFINITE_RECURSION = YES;
				CLANG_WARN_INT_CONVERSION = YES;
				CLANG_WARN_NON_LITERAL_NULL_CONVERSION = YES;
				CLANG_WARN_OBJC_IMPLICIT_RETAIN_SELF = YES;
				CLANG_WARN_OBJC_LITERAL_CONVERSION = YES;
				CLANG_WARN_OBJC_ROOT_CLASS = YES_ERROR;
				CLANG_WARN_QUOTED_INCLUDE_IN_FRAMEWORK_HEADER = YES;
				CLANG_WARN_RANGE_LOOP_ANALYSIS = YES;
				CLANG_WARN_STRICT_PROTOTYPES = YES;
				CLANG_WARN_SUSPICIOUS_MOVE = YES;
				CLANG_WARN_UNGUARDED_AVAILABILITY = YES_AGGRESSIVE;
				CLANG_WARN_UNREACHABLE_CODE = YES;
				CLANG_WARN__DUPLICATE_METHOD_MATCH = YES;
				COPY_PHASE_STRIP = NO;
				DEBUG_INFORMATION_FORMAT = "dwarf-with-dsym";
				ENABLE_NS_ASSERTIONS = NO;
				ENABLE_STRICT_OBJC_MSGSEND = YES;
				GCC_C_LANGUAGE_STANDARD = gnu11;
				GCC_NO_COMMON_BLOCKS = YES;
				GCC_WARN_64_TO_32_BIT_CONVERSION = YES;
				GCC_WARN_ABOUT_RETURN_TYPE = YES_ERROR;
				GCC_WARN_UNDECLARED_SELECTOR = YES;
				GCC_WARN_UNINITIALIZED_AUTOS = YES_AGGRESSIVE;
				GCC_WARN_UNUSED_FUNCTION = YES;
				GCC_WARN_UNUSED_VARIABLE = YES;
				IPHONEOS_DEPLOYMENT_TARGET = 15.0;
				MTL_ENABLE_DEBUG_INFO = NO;
				MTL_FAST_MATH = YES;
				SDKROOT = iphoneos;
				SWIFT_COMPILATION_MODE = wholemodule;
				SWIFT_OPTIMIZATION_LEVEL = "-O";
				VALIDATE_PRODUCT = YES;
			};
			name = Release;
		};
		9F9E5A7E273915DF00A7E8FB /* Debug */ = {
			isa = XCBuildConfiguration;
			buildSettings = {
				ASSETCATALOG_COMPILER_APPICON_NAME = AppIcon;
				ASSETCATALOG_COMPILER_GLOBAL_ACCENT_COLOR_NAME = AccentColor;
				CODE_SIGN_STYLE = Automatic;
				CURRENT_PROJECT_VERSION = 1;
				DEVELOPMENT_ASSET_PATHS = "\"GrailerApp/Assets/Preview Content\"";
				DEVELOPMENT_TEAM = Z6P74P6T99;
				ENABLE_PREVIEWS = YES;
				GENERATE_INFOPLIST_FILE = YES;
				INFOPLIST_FILE = GrailerApp/Assets/Info.plist;
				INFOPLIST_KEY_UIApplicationSceneManifest_Generation = YES;
				INFOPLIST_KEY_UIApplicationSupportsIndirectInputEvents = YES;
				INFOPLIST_KEY_UILaunchScreen_Generation = YES;
				INFOPLIST_KEY_UISupportedInterfaceOrientations_iPad = "UIInterfaceOrientationPortrait UIInterfaceOrientationPortraitUpsideDown UIInterfaceOrientationLandscapeLeft UIInterfaceOrientationLandscapeRight";
				INFOPLIST_KEY_UISupportedInterfaceOrientations_iPhone = "UIInterfaceOrientationPortrait UIInterfaceOrientationLandscapeLeft UIInterfaceOrientationLandscapeRight";
				LD_RUNPATH_SEARCH_PATHS = (
					"$(inherited)",
					"@executable_path/Frameworks",
				);
				MARKETING_VERSION = 1.0;
				PRODUCT_BUNDLE_IDENTIFIER = com.thomasricouard.GrailerApp;
				PRODUCT_NAME = "$(TARGET_NAME)";
				SWIFT_EMIT_LOC_STRINGS = YES;
				SWIFT_VERSION = 5.0;
				TARGETED_DEVICE_FAMILY = "1,2";
			};
			name = Debug;
		};
		9F9E5A7F273915DF00A7E8FB /* Release */ = {
			isa = XCBuildConfiguration;
			buildSettings = {
				ASSETCATALOG_COMPILER_APPICON_NAME = AppIcon;
				ASSETCATALOG_COMPILER_GLOBAL_ACCENT_COLOR_NAME = AccentColor;
				CODE_SIGN_STYLE = Automatic;
				CURRENT_PROJECT_VERSION = 1;
				DEVELOPMENT_ASSET_PATHS = "\"GrailerApp/Assets/Preview Content\"";
				DEVELOPMENT_TEAM = Z6P74P6T99;
				ENABLE_PREVIEWS = YES;
				GENERATE_INFOPLIST_FILE = YES;
				INFOPLIST_FILE = GrailerApp/Assets/Info.plist;
				INFOPLIST_KEY_UIApplicationSceneManifest_Generation = YES;
				INFOPLIST_KEY_UIApplicationSupportsIndirectInputEvents = YES;
				INFOPLIST_KEY_UILaunchScreen_Generation = YES;
				INFOPLIST_KEY_UISupportedInterfaceOrientations_iPad = "UIInterfaceOrientationPortrait UIInterfaceOrientationPortraitUpsideDown UIInterfaceOrientationLandscapeLeft UIInterfaceOrientationLandscapeRight";
				INFOPLIST_KEY_UISupportedInterfaceOrientations_iPhone = "UIInterfaceOrientationPortrait UIInterfaceOrientationLandscapeLeft UIInterfaceOrientationLandscapeRight";
				LD_RUNPATH_SEARCH_PATHS = (
					"$(inherited)",
					"@executable_path/Frameworks",
				);
				MARKETING_VERSION = 1.0;
				PRODUCT_BUNDLE_IDENTIFIER = com.thomasricouard.GrailerApp;
				PRODUCT_NAME = "$(TARGET_NAME)";
				SWIFT_EMIT_LOC_STRINGS = YES;
				SWIFT_VERSION = 5.0;
				TARGETED_DEVICE_FAMILY = "1,2";
			};
			name = Release;
		};
/* End XCBuildConfiguration section */

/* Begin XCConfigurationList section */
		9F9E5A6A273915DD00A7E8FB /* Build configuration list for PBXProject "GrailerApp" */ = {
			isa = XCConfigurationList;
			buildConfigurations = (
				9F9E5A7B273915DF00A7E8FB /* Debug */,
				9F9E5A7C273915DF00A7E8FB /* Release */,
			);
			defaultConfigurationIsVisible = 0;
			defaultConfigurationName = Release;
		};
		9F9E5A7D273915DF00A7E8FB /* Build configuration list for PBXNativeTarget "GrailerApp" */ = {
			isa = XCConfigurationList;
			buildConfigurations = (
				9F9E5A7E273915DF00A7E8FB /* Debug */,
				9F9E5A7F273915DF00A7E8FB /* Release */,
			);
			defaultConfigurationIsVisible = 0;
			defaultConfigurationName = Release;
		};
/* End XCConfigurationList section */

/* Begin XCSwiftPackageProductDependency section */
		9F5D372E27392D5700251A8F /* Data */ = {
			isa = XCSwiftPackageProductDependency;
			productName = Data;
		};
		9F5D373027392D5700251A8F /* UI */ = {
			isa = XCSwiftPackageProductDependency;
			productName = UI;
		};
/* End XCSwiftPackageProductDependency section */
	};
	rootObject = 9F9E5A67273915DD00A7E8FB /* Project object */;
}
